{
  "lockfileVersion": 1,
  "configVersion": 1,
  "workspaces": {
    "": {
      "name": "@deepgram/bun-text-intelligence",
      "dependencies": {
        "@deepgram/sdk": "^5.9.0",
        "@iarna/toml": "2.2.5",
        "jose": "5.9.6",
      },
    },
  },
  "packages": {
    "@deepgram/sdk": ["@deepgram/sdk@5.9.0", "", { "dependencies": { "ws": "^8.20.0" } }, "sha512-MZge3ClQnUbFb+3cz93WI+aljPo8xPVOH5aI/oQGZNuN7JbNJBkmtXnv0Y/3ocFyqmAJltrF6U8t0gpdXzNXUw=="],

    "@iarna/toml": ["@iarna/toml@2.2.5", "", {}, "sha512-trnsAYxU3xnS1gPHPyU961coFyLkh4gAD/0zQ5mymY4yOZ+CYvsPqUbOFSw0aDM4y0tV7tiFxL/1XfXPNC6IPg=="],

    "jose": ["jose@5.9.6", "", {}, "sha512-AMlnetc9+CV9asI19zHmrgS/WYsWUwCn2R7RzlbJWD7F9eWYUTGyBmU9o6PxngtLGOiDGPRu+Uc4fhKzbpteZQ=="],

    "ws": ["ws@8.21.1", "", { "peerDependencies": { "bufferutil": "^4.0.1", "utf-8-validate": ">=5.0.2" }, "optionalPeers": ["bufferutil", "utf-8-validate"] }, "sha512-+0NTnW77fFN/DjQi6k/Sq/Yvk4Sgajw7urW8V+asjXnRgDs9gyGkdb7EzgfhA4goXsRIZKE28fzIXBHEzhuiWw=="],
  }
}
