{
  "lockfileVersion": 1,
  "configVersion": 1,
  "workspaces": {
    "": {
      "name": "@deepgram/bun-text-intelligence",
      "dependencies": {
        "@deepgram/sdk": "5.0.0",
        "@iarna/toml": "2.2.5",
        "jose": "5.9.6",
      },
    },
  },
  "packages": {
    "@deepgram/sdk": ["@deepgram/sdk@5.0.0", "", { "dependencies": { "ws": "^8.16.0" } }, "sha512-x1wMiOgDGqcLEaQpQBQLTtk5mLbXbYgcBEpp7cfJIyEtqdIGgijCZH+a/esiVp+xIcTYYroTxG47RVppZOHbWw=="],

    "@iarna/toml": ["@iarna/toml@2.2.5", "", {}, "sha512-trnsAYxU3xnS1gPHPyU961coFyLkh4gAD/0zQ5mymY4yOZ+CYvsPqUbOFSw0aDM4y0tV7tiFxL/1XfXPNC6IPg=="],

    "jose": ["jose@5.9.6", "", {}, "sha512-AMlnetc9+CV9asI19zHmrgS/WYsWUwCn2R7RzlbJWD7F9eWYUTGyBmU9o6PxngtLGOiDGPRu+Uc4fhKzbpteZQ=="],

    "ws": ["ws@8.19.0", "", { "peerDependencies": { "bufferutil": "^4.0.1", "utf-8-validate": ">=5.0.2" }, "optionalPeers": ["bufferutil", "utf-8-validate"] }, "sha512-blAT2mjOEIi0ZzruJfIhb3nps74PRWTCz1IjglWEEpQl5XS/UNama6u2/rjFkDDouqr4L67ry+1aGIALViWjDg=="],
  }
}
